# This file is automatically @generated by Cargo.
# It is not intended for manual editing.
version = 3

[[package]]
name = "examples_io_event_loop"
version = "0.1.0"
dependencies = [
 "tinymio",
]

[[package]]
name = "tinymio"
version = "0.1.0"
source = "git+https://github.com/captainlee1024/tinymio?branch=master#ee4a5b1183dc13e0123c761ae95da80436309c5e"
